// !$*UTF8*$!
{
	archiveVersion = 1;
	classes = {
	};
	objectVersion = 47;
	objects = {

/* Begin PBXBuildFile section */
		200C471A1BA3374500FA59D3 /* NotifyingDocument.swift in Sources */ = {isa = PBXBuildFile; fileRef = 20317D9E1BA0B677008A4303 /* NotifyingDocument.swift */; };
		200C471C1BA337B200FA59D3 /* UITextDocumentProxyAdapter.swift in Sources */ = {isa = PBXBuildFile; fileRef = 200C471B1BA337B200FA59D3 /* UITextDocumentProxyAdapter.swift */; };
		20317D9B1BA09D3E008A4303 /* SuggestionBarView.swift in Sources */ = {isa = PBXBuildFile; fileRef = 20317D9A1BA09D3E008A4303 /* SuggestionBarView.swift */; };
		20317D9D1BA0A9B1008A4303 /* UIView+LayoutConstraints.swift in Sources */ = {isa = PBXBuildFile; fileRef = 20317D9C1BA0A9B1008A4303 /* UIView+LayoutConstraints.swift */; };
		20317D9F1BA0B677008A4303 /* NotifyingDocument.swift in Sources */ = {isa = PBXBuildFile; fileRef = 20317D9E1BA0B677008A4303 /* NotifyingDocument.swift */; };
		20317DE71BA2EEF2008A4303 /* WordBasedDocumentTests.swift in Sources */ = {isa = PBXBuildFile; fileRef = 20317DE61BA2EEF2008A4303 /* WordBasedDocumentTests.swift */; };
		205A41391BC4978E00E659E1 /* KeyDistance.swift in Sources */ = {isa = PBXBuildFile; fileRef = 205A41371BC4978000E659E1 /* KeyDistance.swift */; settings = {ASSET_TAGS = (); }; };
		205A413A1BC4978E00E659E1 /* KeyDistance.swift in Sources */ = {isa = PBXBuildFile; fileRef = 205A41371BC4978000E659E1 /* KeyDistance.swift */; settings = {ASSET_TAGS = (); }; };
		205A413D1BC4999900E659E1 /* ConcreteLayout_DistanceBetweenChars_Tests.swift in Sources */ = {isa = PBXBuildFile; fileRef = 205A413C1BC4999900E659E1 /* ConcreteLayout_DistanceBetweenChars_Tests.swift */; settings = {ASSET_TAGS = (); }; };
		205A413E1BC499AA00E659E1 /* ConcreteLayout.swift in Sources */ = {isa = PBXBuildFile; fileRef = C2132E72EC680EEB62955CD4 /* ConcreteLayout.swift */; settings = {ASSET_TAGS = (); }; };
		206ECC151B83D44300B62EA0 /* AppDelegate.swift in Sources */ = {isa = PBXBuildFile; fileRef = 206ECC141B83D44300B62EA0 /* AppDelegate.swift */; };
		206ECC171B83D44300B62EA0 /* ViewController.swift in Sources */ = {isa = PBXBuildFile; fileRef = 206ECC161B83D44300B62EA0 /* ViewController.swift */; };
		206ECC1A1B83D44300B62EA0 /* Main.storyboard in Resources */ = {isa = PBXBuildFile; fileRef = 206ECC181B83D44300B62EA0 /* Main.storyboard */; };
		206ECC1C1B83D44300B62EA0 /* Images.xcassets in Resources */ = {isa = PBXBuildFile; fileRef = 206ECC1B1B83D44300B62EA0 /* Images.xcassets */; };
		206ECC1F1B83D44300B62EA0 /* LaunchScreen.xib in Resources */ = {isa = PBXBuildFile; fileRef = 206ECC1D1B83D44300B62EA0 /* LaunchScreen.xib */; };
		206ECC401B83D4C900B62EA0 /* EtaBoardExtension.appex in Embed App Extensions */ = {isa = PBXBuildFile; fileRef = 206ECC381B83D4C900B62EA0 /* EtaBoardExtension.appex */; settings = {ATTRIBUTES = (RemoveHeadersOnCopy, ); }; };
		207686601BB211BE004B1F57 /* String+split.swift in Sources */ = {isa = PBXBuildFile; fileRef = 2076865F1BB211BE004B1F57 /* String+split.swift */; settings = {ASSET_TAGS = (); }; };
		207686611BB212D6004B1F57 /* String+split.swift in Sources */ = {isa = PBXBuildFile; fileRef = 2076865F1BB211BE004B1F57 /* String+split.swift */; settings = {ASSET_TAGS = (); }; };
		207686631BB21300004B1F57 /* String+split_Tests.swift in Sources */ = {isa = PBXBuildFile; fileRef = 207686621BB21300004B1F57 /* String+split_Tests.swift */; settings = {ASSET_TAGS = (); }; };
		207F2C9C1BADB1350049AEB9 /* SuggesterPerformanceTests.swift in Sources */ = {isa = PBXBuildFile; fileRef = 207F2C9B1BADB1350049AEB9 /* SuggesterPerformanceTests.swift */; settings = {ASSET_TAGS = (); }; };
		207F2C9D1BADB2FC0049AEB9 /* Suggester.swift in Sources */ = {isa = PBXBuildFile; fileRef = 20925E351BACA64700FBCFE4 /* Suggester.swift */; settings = {ASSET_TAGS = (); }; };
		207FA5AE1BBB150A003BEF91 /* misc.txt in Resources */ = {isa = PBXBuildFile; fileRef = 207FA5AD1BBB150A003BEF91 /* misc.txt */; settings = {ASSET_TAGS = (); }; };
		2083F4E61BAE2B1500EBAFCC /* SuggesterTests.swift in Sources */ = {isa = PBXBuildFile; fileRef = 2083F4E51BAE2B1500EBAFCC /* SuggesterTests.swift */; settings = {ASSET_TAGS = (); }; };
		2083F4E81BB1BECE00EBAFCC /* LevenshteinPerformanceTests.swift in Sources */ = {isa = PBXBuildFile; fileRef = 2083F4E71BB1BECE00EBAFCC /* LevenshteinPerformanceTests.swift */; settings = {ASSET_TAGS = (); }; };
		20925E361BACA64700FBCFE4 /* Suggester.swift in Sources */ = {isa = PBXBuildFile; fileRef = 20925E351BACA64700FBCFE4 /* Suggester.swift */; settings = {ASSET_TAGS = (); }; };
		20925E381BACABDE00FBCFE4 /* LevenshteinDistance.swift in Sources */ = {isa = PBXBuildFile; fileRef = 20925E371BACABDE00FBCFE4 /* LevenshteinDistance.swift */; settings = {ASSET_TAGS = (); }; };
		20925E3A1BACABF700FBCFE4 /* LevenshteinDistanceTests.swift in Sources */ = {isa = PBXBuildFile; fileRef = 20925E391BACABF700FBCFE4 /* LevenshteinDistanceTests.swift */; settings = {ASSET_TAGS = (); }; };
		20925E3B1BACAD9E00FBCFE4 /* LevenshteinDistance.swift in Sources */ = {isa = PBXBuildFile; fileRef = 20925E371BACABDE00FBCFE4 /* LevenshteinDistance.swift */; settings = {ASSET_TAGS = (); }; };
		209616351BC5A20A003D1E81 /* KeyDistanceTests.swift in Sources */ = {isa = PBXBuildFile; fileRef = 209616341BC5A20A003D1E81 /* KeyDistanceTests.swift */; settings = {ASSET_TAGS = (); }; };
		2097421D1BBB3ED300B62380 /* top10000de.txt in Resources */ = {isa = PBXBuildFile; fileRef = 2097421C1BBB3ED300B62380 /* top10000de.txt */; settings = {ASSET_TAGS = (); }; };
		2097421F1BBB410700B62380 /* top10000en.txt in Resources */ = {isa = PBXBuildFile; fileRef = 2097421E1BBB410700B62380 /* top10000en.txt */; settings = {ASSET_TAGS = (); }; };
		20C304BE1BB833C600C3460E /* +random.swift in Sources */ = {isa = PBXBuildFile; fileRef = 20C304BD1BB833C600C3460E /* +random.swift */; settings = {ASSET_TAGS = (); }; };
		20C304C11BBAFD1000C3460E /* Document.swift in Sources */ = {isa = PBXBuildFile; fileRef = 20C304C01BBAFD1000C3460E /* Document.swift */; settings = {ASSET_TAGS = (); }; };
		20C304C21BBAFE5800C3460E /* Document.swift in Sources */ = {isa = PBXBuildFile; fileRef = 20C304C01BBAFD1000C3460E /* Document.swift */; settings = {ASSET_TAGS = (); }; };
		20C304C41BBAFF6B00C3460E /* WordBasedDocument.swift in Sources */ = {isa = PBXBuildFile; fileRef = 20C304C31BBAFF6B00C3460E /* WordBasedDocument.swift */; settings = {ASSET_TAGS = (); }; };
		20C304C51BBAFF6B00C3460E /* WordBasedDocument.swift in Sources */ = {isa = PBXBuildFile; fileRef = 20C304C31BBAFF6B00C3460E /* WordBasedDocument.swift */; settings = {ASSET_TAGS = (); }; };
		20D5F64A1BA2F4C100956BE8 /* Nimble.framework in Frameworks */ = {isa = PBXBuildFile; fileRef = 20D5F6481BA2F4C100956BE8 /* Nimble.framework */; };
		20D5F64E1BA2F4DA00956BE8 /* Nimble.framework in CopyFiles */ = {isa = PBXBuildFile; fileRef = 20D5F6481BA2F4C100956BE8 /* Nimble.framework */; settings = {ATTRIBUTES = (CodeSignOnCopy, RemoveHeadersOnCopy, ); }; };
		C211CB0B7AE6315B6481428E /* KeyboardViewController.swift in Sources */ = {isa = PBXBuildFile; fileRef = C21DF7BC99AC431E9EA856D8 /* KeyboardViewController.swift */; };
		C2138D2EB35AB7B000B3195D /* KeyboardView.swift in Sources */ = {isa = PBXBuildFile; fileRef = C21AC261406FBCF7ABB89D22 /* KeyboardView.swift */; };
		C214F72F655636D4EFF1A5EC /* KeyPressHandler.swift in Sources */ = {isa = PBXBuildFile; fileRef = C218C70011E8ACF9B9DFAEF1 /* KeyPressHandler.swift */; };
		C217DE1857A2A3DB936D4FBC /* KeyboardModel.swift in Sources */ = {isa = PBXBuildFile; fileRef = C2155C8BA414427799A129F4 /* KeyboardModel.swift */; };
		C21912CB7F82E9F3CA1C03FF /* ConcreteLayout.swift in Sources */ = {isa = PBXBuildFile; fileRef = C2132E72EC680EEB62955CD4 /* ConcreteLayout.swift */; };
		C21BE9FE6042214E16CFE3BE /* MyTapRecognizer.swift in Sources */ = {isa = PBXBuildFile; fileRef = C2109E4AA5A6B55793E1A243 /* MyTapRecognizer.swift */; };
		C21CC63D023DE56856F324EF /* SchematicLayout.swift in Sources */ = {isa = PBXBuildFile; fileRef = C21912EDF510A3371CD7F635 /* SchematicLayout.swift */; };
/* End PBXBuildFile section */

/* Begin PBXContainerItemProxy section */
		20317DE81BA2EEF2008A4303 /* PBXContainerItemProxy */ = {
			isa = PBXContainerItemProxy;
			containerPortal = 206ECC071B83D44300B62EA0 /* Project object */;
			proxyType = 1;
			remoteGlobalIDString = 206ECC0E1B83D44300B62EA0;
			remoteInfo = "Alex’s Keyboard";
		};
		206ECC3E1B83D4C900B62EA0 /* PBXContainerItemProxy */ = {
			isa = PBXContainerItemProxy;
			containerPortal = 206ECC071B83D44300B62EA0 /* Project object */;
			proxyType = 1;
			remoteGlobalIDString = 206ECC371B83D4C900B62EA0;
			remoteInfo = "Alex’s Keyboard extension";
		};
/* End PBXContainerItemProxy section */

/* Begin PBXCopyFilesBuildPhase section */
		206ECC441B83D4C900B62EA0 /* Embed App Extensions */ = {
			isa = PBXCopyFilesBuildPhase;
			buildActionMask = 2147483647;
			dstPath = "";
			dstSubfolderSpec = 13;
			files = (
				206ECC401B83D4C900B62EA0 /* EtaBoardExtension.appex in Embed App Extensions */,
			);
			name = "Embed App Extensions";
			runOnlyForDeploymentPostprocessing = 0;
		};
		20D5F64C1BA2F4CA00956BE8 /* CopyFiles */ = {
			isa = PBXCopyFilesBuildPhase;
			buildActionMask = 2147483647;
			dstPath = "";
			dstSubfolderSpec = 10;
			files = (
				20D5F64E1BA2F4DA00956BE8 /* Nimble.framework in CopyFiles */,
			);
			runOnlyForDeploymentPostprocessing = 0;
		};
/* End PBXCopyFilesBuildPhase section */

/* Begin PBXFileReference section */
		200C471B1BA337B200FA59D3 /* UITextDocumentProxyAdapter.swift */ = {isa = PBXFileReference; fileEncoding = 4; lastKnownFileType = sourcecode.swift; path = UITextDocumentProxyAdapter.swift; sourceTree = "<group>"; };
		200C471D1BA33C4B00FA59D3 /* Readme.md */ = {isa = PBXFileReference; lastKnownFileType = net.daringfireball.markdown; path = Readme.md; sourceTree = "<group>"; };
		200C471E1BA33C8600FA59D3 /* Cartfile.private */ = {isa = PBXFileReference; fileEncoding = 4; lastKnownFileType = text; path = Cartfile.private; sourceTree = "<group>"; };
		200C471F1BA33C8600FA59D3 /* Cartfile.resolved */ = {isa = PBXFileReference; fileEncoding = 4; lastKnownFileType = text; path = Cartfile.resolved; sourceTree = "<group>"; };
		20317D9A1BA09D3E008A4303 /* SuggestionBarView.swift */ = {isa = PBXFileReference; fileEncoding = 4; lastKnownFileType = sourcecode.swift; path = SuggestionBarView.swift; sourceTree = "<group>"; };
		20317D9C1BA0A9B1008A4303 /* UIView+LayoutConstraints.swift */ = {isa = PBXFileReference; fileEncoding = 4; lastKnownFileType = sourcecode.swift; path = "UIView+LayoutConstraints.swift"; sourceTree = "<group>"; };
		20317D9E1BA0B677008A4303 /* NotifyingDocument.swift */ = {isa = PBXFileReference; fileEncoding = 4; lastKnownFileType = sourcecode.swift; path = NotifyingDocument.swift; sourceTree = "<group>"; };
		20317DE21BA2EEF2008A4303 /* UnitTests.xctest */ = {isa = PBXFileReference; explicitFileType = wrapper.cfbundle; includeInIndex = 0; path = UnitTests.xctest; sourceTree = BUILT_PRODUCTS_DIR; };
		20317DE51BA2EEF2008A4303 /* Info.plist */ = {isa = PBXFileReference; lastKnownFileType = text.plist.xml; path = Info.plist; sourceTree = "<group>"; };
		20317DE61BA2EEF2008A4303 /* WordBasedDocumentTests.swift */ = {isa = PBXFileReference; lastKnownFileType = sourcecode.swift; path = WordBasedDocumentTests.swift; sourceTree = "<group>"; };
		205A41361BC4912F00E659E1 /* KeyDistanceGenerator.swift */ = {isa = PBXFileReference; lastKnownFileType = sourcecode.swift; path = KeyDistanceGenerator.swift; sourceTree = "<group>"; };
		205A41371BC4978000E659E1 /* KeyDistance.swift */ = {isa = PBXFileReference; fileEncoding = 4; lastKnownFileType = sourcecode.swift; path = KeyDistance.swift; sourceTree = "<group>"; };
		205A413C1BC4999900E659E1 /* ConcreteLayout_DistanceBetweenChars_Tests.swift */ = {isa = PBXFileReference; fileEncoding = 4; lastKnownFileType = sourcecode.swift; path = ConcreteLayout_DistanceBetweenChars_Tests.swift; sourceTree = "<group>"; };
		206ECC0F1B83D44300B62EA0 /* EtaBoard.app */ = {isa = PBXFileReference; explicitFileType = wrapper.application; includeInIndex = 0; path = EtaBoard.app; sourceTree = BUILT_PRODUCTS_DIR; };
		206ECC131B83D44300B62EA0 /* Info.plist */ = {isa = PBXFileReference; lastKnownFileType = text.plist.xml; path = Info.plist; sourceTree = "<group>"; };
		206ECC141B83D44300B62EA0 /* AppDelegate.swift */ = {isa = PBXFileReference; lastKnownFileType = sourcecode.swift; path = AppDelegate.swift; sourceTree = "<group>"; };
		206ECC161B83D44300B62EA0 /* ViewController.swift */ = {isa = PBXFileReference; lastKnownFileType = sourcecode.swift; path = ViewController.swift; sourceTree = "<group>"; };
		206ECC191B83D44300B62EA0 /* Base */ = {isa = PBXFileReference; lastKnownFileType = file.storyboard; name = Base; path = Base.lproj/Main.storyboard; sourceTree = "<group>"; };
		206ECC1B1B83D44300B62EA0 /* Images.xcassets */ = {isa = PBXFileReference; lastKnownFileType = folder.assetcatalog; path = Images.xcassets; sourceTree = "<group>"; };
		206ECC1E1B83D44300B62EA0 /* Base */ = {isa = PBXFileReference; lastKnownFileType = file.xib; name = Base; path = Base.lproj/LaunchScreen.xib; sourceTree = "<group>"; };
		206ECC381B83D4C900B62EA0 /* EtaBoardExtension.appex */ = {isa = PBXFileReference; explicitFileType = "wrapper.app-extension"; includeInIndex = 0; path = EtaBoardExtension.appex; sourceTree = BUILT_PRODUCTS_DIR; };
		206ECC3B1B83D4C900B62EA0 /* Info.plist */ = {isa = PBXFileReference; lastKnownFileType = text.plist.xml; path = Info.plist; sourceTree = "<group>"; };
		2076865F1BB211BE004B1F57 /* String+split.swift */ = {isa = PBXFileReference; fileEncoding = 4; lastKnownFileType = sourcecode.swift; path = "String+split.swift"; sourceTree = "<group>"; };
		207686621BB21300004B1F57 /* String+split_Tests.swift */ = {isa = PBXFileReference; fileEncoding = 4; lastKnownFileType = sourcecode.swift; path = "String+split_Tests.swift"; sourceTree = "<group>"; };
		207F2C9B1BADB1350049AEB9 /* SuggesterPerformanceTests.swift */ = {isa = PBXFileReference; fileEncoding = 4; lastKnownFileType = sourcecode.swift; path = SuggesterPerformanceTests.swift; sourceTree = "<group>"; };
		207FA5AD1BBB150A003BEF91 /* misc.txt */ = {isa = PBXFileReference; fileEncoding = 4; lastKnownFileType = text; path = misc.txt; sourceTree = "<group>"; };
		2083F4E51BAE2B1500EBAFCC /* SuggesterTests.swift */ = {isa = PBXFileReference; fileEncoding = 4; lastKnownFileType = sourcecode.swift; path = SuggesterTests.swift; sourceTree = "<group>"; };
		2083F4E71BB1BECE00EBAFCC /* LevenshteinPerformanceTests.swift */ = {isa = PBXFileReference; fileEncoding = 4; lastKnownFileType = sourcecode.swift; path = LevenshteinPerformanceTests.swift; sourceTree = "<group>"; };
		2083F4E91BB1CF6C00EBAFCC /* Playground.playground */ = {isa = PBXFileReference; lastKnownFileType = file.playground; name = Playground.playground; path = temp/Playground.playground; sourceTree = "<group>"; };
		20925E351BACA64700FBCFE4 /* Suggester.swift */ = {isa = PBXFileReference; fileEncoding = 4; lastKnownFileType = sourcecode.swift; path = Suggester.swift; sourceTree = "<group>"; };
		20925E371BACABDE00FBCFE4 /* LevenshteinDistance.swift */ = {isa = PBXFileReference; fileEncoding = 4; lastKnownFileType = sourcecode.swift; path = LevenshteinDistance.swift; sourceTree = "<group>"; };
		20925E391BACABF700FBCFE4 /* LevenshteinDistanceTests.swift */ = {isa = PBXFileReference; fileEncoding = 4; lastKnownFileType = sourcecode.swift; path = LevenshteinDistanceTests.swift; sourceTree = "<group>"; };
		209616341BC5A20A003D1E81 /* KeyDistanceTests.swift */ = {isa = PBXFileReference; fileEncoding = 4; lastKnownFileType = sourcecode.swift; path = KeyDistanceTests.swift; sourceTree = "<group>"; };
		2097421C1BBB3ED300B62380 /* top10000de.txt */ = {isa = PBXFileReference; fileEncoding = 4; lastKnownFileType = text; path = top10000de.txt; sourceTree = "<group>"; };
		2097421E1BBB410700B62380 /* top10000en.txt */ = {isa = PBXFileReference; fileEncoding = 4; lastKnownFileType = text; path = top10000en.txt; sourceTree = "<group>"; };
		20C304BD1BB833C600C3460E /* +random.swift */ = {isa = PBXFileReference; fileEncoding = 4; lastKnownFileType = sourcecode.swift; path = "+random.swift"; sourceTree = "<group>"; };
		20C304C01BBAFD1000C3460E /* Document.swift */ = {isa = PBXFileReference; fileEncoding = 4; lastKnownFileType = sourcecode.swift; path = Document.swift; sourceTree = "<group>"; };
		20C304C31BBAFF6B00C3460E /* WordBasedDocument.swift */ = {isa = PBXFileReference; fileEncoding = 4; lastKnownFileType = sourcecode.swift; path = WordBasedDocument.swift; sourceTree = "<group>"; };
		20D5F6481BA2F4C100956BE8 /* Nimble.framework */ = {isa = PBXFileReference; lastKnownFileType = wrapper.framework; name = Nimble.framework; path = Carthage/Build/iOS/Nimble.framework; sourceTree = SOURCE_ROOT; };
		C2109E4AA5A6B55793E1A243 /* MyTapRecognizer.swift */ = {isa = PBXFileReference; fileEncoding = 4; lastKnownFileType = sourcecode.swift; path = MyTapRecognizer.swift; sourceTree = "<group>"; };
		C2132E72EC680EEB62955CD4 /* ConcreteLayout.swift */ = {isa = PBXFileReference; fileEncoding = 4; lastKnownFileType = sourcecode.swift; path = ConcreteLayout.swift; sourceTree = "<group>"; };
		C2155C8BA414427799A129F4 /* KeyboardModel.swift */ = {isa = PBXFileReference; fileEncoding = 4; lastKnownFileType = sourcecode.swift; path = KeyboardModel.swift; sourceTree = "<group>"; };
		C21642694BABA9BBCF0D1925 /* Bridging-Header.h */ = {isa = PBXFileReference; fileEncoding = 4; lastKnownFileType = sourcecode.c.h; path = "Bridging-Header.h"; sourceTree = "<group>"; };
		C218C70011E8ACF9B9DFAEF1 /* KeyPressHandler.swift */ = {isa = PBXFileReference; fileEncoding = 4; lastKnownFileType = sourcecode.swift; path = KeyPressHandler.swift; sourceTree = "<group>"; };
		C21912EDF510A3371CD7F635 /* SchematicLayout.swift */ = {isa = PBXFileReference; fileEncoding = 4; lastKnownFileType = sourcecode.swift; path = SchematicLayout.swift; sourceTree = "<group>"; };
		C21AC261406FBCF7ABB89D22 /* KeyboardView.swift */ = {isa = PBXFileReference; fileEncoding = 4; lastKnownFileType = sourcecode.swift; path = KeyboardView.swift; sourceTree = "<group>"; };
		C21DF7BC99AC431E9EA856D8 /* KeyboardViewController.swift */ = {isa = PBXFileReference; fileEncoding = 4; lastKnownFileType = sourcecode.swift; path = KeyboardViewController.swift; sourceTree = "<group>"; };
/* End PBXFileReference section */

/* Begin PBXFrameworksBuildPhase section */
		20317DDF1BA2EEF2008A4303 /* Frameworks */ = {
			isa = PBXFrameworksBuildPhase;
			buildActionMask = 2147483647;
			files = (
				20D5F64A1BA2F4C100956BE8 /* Nimble.framework in Frameworks */,
			);
			runOnlyForDeploymentPostprocessing = 0;
		};
		206ECC0C1B83D44300B62EA0 /* Frameworks */ = {
			isa = PBXFrameworksBuildPhase;
			buildActionMask = 2147483647;
			files = (
			);
			runOnlyForDeploymentPostprocessing = 0;
		};
		206ECC351B83D4C900B62EA0 /* Frameworks */ = {
			isa = PBXFrameworksBuildPhase;
			buildActionMask = 2147483647;
			files = (
			);
			runOnlyForDeploymentPostprocessing = 0;
		};
/* End PBXFrameworksBuildPhase section */

/* Begin PBXGroup section */
		20317DE31BA2EEF2008A4303 /* UnitTests */ = {
			isa = PBXGroup;
			children = (
				205A413B1BC4998A00E659E1 /* keyboard */,
				20C304C61BBB070800C3460E /* suggester */,
				20C304C71BBB071600C3460E /* document */,
				207686621BB21300004B1F57 /* String+split_Tests.swift */,
				20317DE41BA2EEF2008A4303 /* Supporting Files */,
				20D5F6481BA2F4C100956BE8 /* Nimble.framework */,
				20C304BD1BB833C600C3460E /* +random.swift */,
			);
			name = UnitTests;
			path = Source/UnitTests;
			sourceTree = "<group>";
		};
		20317DE41BA2EEF2008A4303 /* Supporting Files */ = {
			isa = PBXGroup;
			children = (
				200C471B1BA337B200FA59D3 /* UITextDocumentProxyAdapter.swift */,
				20317DE51BA2EEF2008A4303 /* Info.plist */,
			);
			name = "Supporting Files";
			sourceTree = "<group>";
		};
		205A413B1BC4998A00E659E1 /* keyboard */ = {
			isa = PBXGroup;
			children = (
				205A413C1BC4999900E659E1 /* ConcreteLayout_DistanceBetweenChars_Tests.swift */,
			);
			name = keyboard;
			sourceTree = "<group>";
		};
		206ECC061B83D44300B62EA0 = {
			isa = PBXGroup;
			children = (
				2083F4E91BB1CF6C00EBAFCC /* Playground.playground */,
				206ECC111B83D44300B62EA0 /* ContainerApp */,
				C2161F83BEA9648952561B04 /* KeyboardExtension */,
				20317DE31BA2EEF2008A4303 /* UnitTests */,
				206ECC101B83D44300B62EA0 /* Products */,
				200C471D1BA33C4B00FA59D3 /* Readme.md */,
				200C471E1BA33C8600FA59D3 /* Cartfile.private */,
				200C471F1BA33C8600FA59D3 /* Cartfile.resolved */,
			);
			sourceTree = "<group>";
		};
		206ECC101B83D44300B62EA0 /* Products */ = {
			isa = PBXGroup;
			children = (
				206ECC0F1B83D44300B62EA0 /* EtaBoard.app */,
				206ECC381B83D4C900B62EA0 /* EtaBoardExtension.appex */,
				20317DE21BA2EEF2008A4303 /* UnitTests.xctest */,
			);
			name = Products;
			sourceTree = "<group>";
		};
		206ECC111B83D44300B62EA0 /* ContainerApp */ = {
			isa = PBXGroup;
			children = (
				206ECC141B83D44300B62EA0 /* AppDelegate.swift */,
				206ECC161B83D44300B62EA0 /* ViewController.swift */,
				206ECC181B83D44300B62EA0 /* Main.storyboard */,
				206ECC1B1B83D44300B62EA0 /* Images.xcassets */,
				206ECC1D1B83D44300B62EA0 /* LaunchScreen.xib */,
				206ECC121B83D44300B62EA0 /* Supporting Files */,
			);
			name = ContainerApp;
			path = Source/ContainerApp;
			sourceTree = "<group>";
		};
		206ECC121B83D44300B62EA0 /* Supporting Files */ = {
			isa = PBXGroup;
			children = (
				206ECC131B83D44300B62EA0 /* Info.plist */,
			);
			name = "Supporting Files";
			sourceTree = "<group>";
		};
		207FA5AF1BBB190C003BEF91 /* dictionaries */ = {
			isa = PBXGroup;
			children = (
				2097421E1BBB410700B62380 /* top10000en.txt */,
				2097421C1BBB3ED300B62380 /* top10000de.txt */,
				207FA5AD1BBB150A003BEF91 /* misc.txt */,
			);
			path = dictionaries;
			sourceTree = "<group>";
		};
		20925E341BACA5CF00FBCFE4 /* suggester */ = {
			isa = PBXGroup;
			children = (
				20925E351BACA64700FBCFE4 /* Suggester.swift */,
				20925E371BACABDE00FBCFE4 /* LevenshteinDistance.swift */,
				205A41361BC4912F00E659E1 /* KeyDistanceGenerator.swift */,
				205A41371BC4978000E659E1 /* KeyDistance.swift */,
			);
			path = suggester;
			sourceTree = "<group>";
		};
		20C304BF1BBAFB9A00C3460E /* document */ = {
			isa = PBXGroup;
			children = (
				20C304C01BBAFD1000C3460E /* Document.swift */,
				20317D9E1BA0B677008A4303 /* NotifyingDocument.swift */,
				20C304C31BBAFF6B00C3460E /* WordBasedDocument.swift */,
			);
			name = document;
			sourceTree = "<group>";
		};
		20C304C61BBB070800C3460E /* suggester */ = {
			isa = PBXGroup;
			children = (
				20925E391BACABF700FBCFE4 /* LevenshteinDistanceTests.swift */,
				2083F4E71BB1BECE00EBAFCC /* LevenshteinPerformanceTests.swift */,
				2083F4E51BAE2B1500EBAFCC /* SuggesterTests.swift */,
				207F2C9B1BADB1350049AEB9 /* SuggesterPerformanceTests.swift */,
				209616341BC5A20A003D1E81 /* KeyDistanceTests.swift */,
			);
			name = suggester;
			sourceTree = "<group>";
		};
		20C304C71BBB071600C3460E /* document */ = {
			isa = PBXGroup;
			children = (
				20317DE61BA2EEF2008A4303 /* WordBasedDocumentTests.swift */,
			);
			name = document;
			sourceTree = "<group>";
		};
		C21251DCC6DA70051228390D /* model */ = {
			isa = PBXGroup;
			children = (
				C21912EDF510A3371CD7F635 /* SchematicLayout.swift */,
				C2155C8BA414427799A129F4 /* KeyboardModel.swift */,
				C2132E72EC680EEB62955CD4 /* ConcreteLayout.swift */,
			);
			path = model;
			sourceTree = "<group>";
		};
		C2161F83BEA9648952561B04 /* KeyboardExtension */ = {
			isa = PBXGroup;
			children = (
				207FA5AF1BBB190C003BEF91 /* dictionaries */,
				C21CAAA051B10D718C442C60 /* helpers */,
				C219BF81BC82D6D2B7B0E6DF /* keyboard */,
				C21741DE8AD26B91F90FC940 /* suggestionbar */,
				20925E341BACA5CF00FBCFE4 /* suggester */,
				20C304BF1BBAFB9A00C3460E /* document */,
				C21DF7BC99AC431E9EA856D8 /* KeyboardViewController.swift */,
			);
			name = KeyboardExtension;
			path = Source/KeyboardExtension;
			sourceTree = "<group>";
		};
		C21741DE8AD26B91F90FC940 /* suggestionbar */ = {
			isa = PBXGroup;
			children = (
				20317D9A1BA09D3E008A4303 /* SuggestionBarView.swift */,
			);
			path = suggestionbar;
			sourceTree = "<group>";
		};
		C219BF81BC82D6D2B7B0E6DF /* keyboard */ = {
			isa = PBXGroup;
			children = (
				C21251DCC6DA70051228390D /* model */,
				C21AC261406FBCF7ABB89D22 /* KeyboardView.swift */,
				C218C70011E8ACF9B9DFAEF1 /* KeyPressHandler.swift */,
				C2109E4AA5A6B55793E1A243 /* MyTapRecognizer.swift */,
			);
			path = keyboard;
			sourceTree = "<group>";
		};
		C21CAAA051B10D718C442C60 /* helpers */ = {
			isa = PBXGroup;
			children = (
				C21642694BABA9BBCF0D1925 /* Bridging-Header.h */,
				206ECC3B1B83D4C900B62EA0 /* Info.plist */,
				20317D9C1BA0A9B1008A4303 /* UIView+LayoutConstraints.swift */,
				2076865F1BB211BE004B1F57 /* String+split.swift */,
			);
			path = helpers;
			sourceTree = "<group>";
		};
/* End PBXGroup section */

/* Begin PBXNativeTarget section */
		20317DE11BA2EEF2008A4303 /* UnitTests */ = {
			isa = PBXNativeTarget;
			buildConfigurationList = 20317DEC1BA2EEF2008A4303 /* Build configuration list for PBXNativeTarget "UnitTests" */;
			buildPhases = (
				20317DDE1BA2EEF2008A4303 /* Sources */,
				20317DDF1BA2EEF2008A4303 /* Frameworks */,
				20D5F64C1BA2F4CA00956BE8 /* CopyFiles */,
			);
			buildRules = (
			);
			dependencies = (
				20317DE91BA2EEF2008A4303 /* PBXTargetDependency */,
			);
			name = UnitTests;
			productName = UnitTests;
			productReference = 20317DE21BA2EEF2008A4303 /* UnitTests.xctest */;
			productType = "com.apple.product-type.bundle.unit-test";
		};
		206ECC0E1B83D44300B62EA0 /* EtaBoard */ = {
			isa = PBXNativeTarget;
			buildConfigurationList = 206ECC2E1B83D44300B62EA0 /* Build configuration list for PBXNativeTarget "EtaBoard" */;
			buildPhases = (
				206ECC0B1B83D44300B62EA0 /* Sources */,
				206ECC0C1B83D44300B62EA0 /* Frameworks */,
				206ECC0D1B83D44300B62EA0 /* Resources */,
				206ECC441B83D4C900B62EA0 /* Embed App Extensions */,
			);
			buildRules = (
			);
			dependencies = (
				206ECC3F1B83D4C900B62EA0 /* PBXTargetDependency */,
			);
			name = EtaBoard;
			productName = "Alex’s Keyboard";
			productReference = 206ECC0F1B83D44300B62EA0 /* EtaBoard.app */;
			productType = "com.apple.product-type.application";
		};
		206ECC371B83D4C900B62EA0 /* EtaBoardExtension */ = {
			isa = PBXNativeTarget;
			buildConfigurationList = 206ECC411B83D4C900B62EA0 /* Build configuration list for PBXNativeTarget "EtaBoardExtension" */;
			buildPhases = (
				206ECC341B83D4C900B62EA0 /* Sources */,
				206ECC351B83D4C900B62EA0 /* Frameworks */,
				206ECC361B83D4C900B62EA0 /* Resources */,
			);
			buildRules = (
			);
			dependencies = (
			);
			name = EtaBoardExtension;
			productName = "Alex’s Keyboard extension";
			productReference = 206ECC381B83D4C900B62EA0 /* EtaBoardExtension.appex */;
			productType = "com.apple.product-type.app-extension";
		};
/* End PBXNativeTarget section */

/* Begin PBXProject section */
		206ECC071B83D44300B62EA0 /* Project object */ = {
			isa = PBXProject;
			attributes = {
				LastSwiftMigration = 0700;
				LastSwiftUpdateCheck = 0700;
				LastUpgradeCheck = 0700;
				ORGANIZATIONNAME = "Alex Bepple";
				TargetAttributes = {
					20317DE11BA2EEF2008A4303 = {
						CreatedOnToolsVersion = 6.4;
					};
					206ECC0E1B83D44300B62EA0 = {
						CreatedOnToolsVersion = 6.4;
					};
					206ECC371B83D4C900B62EA0 = {
						CreatedOnToolsVersion = 6.4;
					};
				};
			};
			buildConfigurationList = 206ECC0A1B83D44300B62EA0 /* Build configuration list for PBXProject "EtaBoard" */;
			compatibilityVersion = "Xcode 6.3";
			developmentRegion = English;
			hasScannedForEncodings = 0;
			knownRegions = (
				en,
				Base,
			);
			mainGroup = 206ECC061B83D44300B62EA0;
			productRefGroup = 206ECC101B83D44300B62EA0 /* Products */;
			projectDirPath = "";
			projectRoot = "";
			targets = (
				206ECC0E1B83D44300B62EA0 /* EtaBoard */,
				206ECC371B83D4C900B62EA0 /* EtaBoardExtension */,
				20317DE11BA2EEF2008A4303 /* UnitTests */,
			);
		};
/* End PBXProject section */

/* Begin PBXResourcesBuildPhase section */
		206ECC0D1B83D44300B62EA0 /* Resources */ = {
			isa = PBXResourcesBuildPhase;
			buildActionMask = 2147483647;
			files = (
				206ECC1A1B83D44300B62EA0 /* Main.storyboard in Resources */,
				206ECC1F1B83D44300B62EA0 /* LaunchScreen.xib in Resources */,
				206ECC1C1B83D44300B62EA0 /* Images.xcassets in Resources */,
			);
			runOnlyForDeploymentPostprocessing = 0;
		};
		206ECC361B83D4C900B62EA0 /* Resources */ = {
			isa = PBXResourcesBuildPhase;
			buildActionMask = 2147483647;
			files = (
				207FA5AE1BBB150A003BEF91 /* misc.txt in Resources */,
				2097421F1BBB410700B62380 /* top10000en.txt in Resources */,
				2097421D1BBB3ED300B62380 /* top10000de.txt in Resources */,
			);
			runOnlyForDeploymentPostprocessing = 0;
		};
/* End PBXResourcesBuildPhase section */

/* Begin PBXSourcesBuildPhase section */
		20317DDE1BA2EEF2008A4303 /* Sources */ = {
			isa = PBXSourcesBuildPhase;
			buildActionMask = 2147483647;
			files = (
				20925E3A1BACABF700FBCFE4 /* LevenshteinDistanceTests.swift in Sources */,
				20925E3B1BACAD9E00FBCFE4 /* LevenshteinDistance.swift in Sources */,
				205A413D1BC4999900E659E1 /* ConcreteLayout_DistanceBetweenChars_Tests.swift in Sources */,
				200C471A1BA3374500FA59D3 /* NotifyingDocument.swift in Sources */,
				209616351BC5A20A003D1E81 /* KeyDistanceTests.swift in Sources */,
				2083F4E81BB1BECE00EBAFCC /* LevenshteinPerformanceTests.swift in Sources */,
				2083F4E61BAE2B1500EBAFCC /* SuggesterTests.swift in Sources */,
				207686611BB212D6004B1F57 /* String+split.swift in Sources */,
				207F2C9C1BADB1350049AEB9 /* SuggesterPerformanceTests.swift in Sources */,
				207F2C9D1BADB2FC0049AEB9 /* Suggester.swift in Sources */,
				20C304C51BBAFF6B00C3460E /* WordBasedDocument.swift in Sources */,
				20C304BE1BB833C600C3460E /* +random.swift in Sources */,
				20C304C21BBAFE5800C3460E /* Document.swift in Sources */,
				205A413A1BC4978E00E659E1 /* KeyDistance.swift in Sources */,
				20317DE71BA2EEF2008A4303 /* WordBasedDocumentTests.swift in Sources */,
				200C471C1BA337B200FA59D3 /* UITextDocumentProxyAdapter.swift in Sources */,
				207686631BB21300004B1F57 /* String+split_Tests.swift in Sources */,
				205A413E1BC499AA00E659E1 /* ConcreteLayout.swift in Sources */,
			);
			runOnlyForDeploymentPostprocessing = 0;
		};
		206ECC0B1B83D44300B62EA0 /* Sources */ = {
			isa = PBXSourcesBuildPhase;
			buildActionMask = 2147483647;
			files = (
				206ECC171B83D44300B62EA0 /* ViewController.swift in Sources */,
				206ECC151B83D44300B62EA0 /* AppDelegate.swift in Sources */,
			);
			runOnlyForDeploymentPostprocessing = 0;
		};
		206ECC341B83D4C900B62EA0 /* Sources */ = {
			isa = PBXSourcesBuildPhase;
			buildActionMask = 2147483647;
			files = (
				205A41391BC4978E00E659E1 /* KeyDistance.swift in Sources */,
				20925E381BACABDE00FBCFE4 /* LevenshteinDistance.swift in Sources */,
				207686601BB211BE004B1F57 /* String+split.swift in Sources */,
				20317D9D1BA0A9B1008A4303 /* UIView+LayoutConstraints.swift in Sources */,
				C21CC63D023DE56856F324EF /* SchematicLayout.swift in Sources */,
				20C304C41BBAFF6B00C3460E /* WordBasedDocument.swift in Sources */,
				C217DE1857A2A3DB936D4FBC /* KeyboardModel.swift in Sources */,
				20317D9B1BA09D3E008A4303 /* SuggestionBarView.swift in Sources */,
				20925E361BACA64700FBCFE4 /* Suggester.swift in Sources */,
				20317D9F1BA0B677008A4303 /* NotifyingDocument.swift in Sources */,
				C2138D2EB35AB7B000B3195D /* KeyboardView.swift in Sources */,
				C214F72F655636D4EFF1A5EC /* KeyPressHandler.swift in Sources */,
				C211CB0B7AE6315B6481428E /* KeyboardViewController.swift in Sources */,
				C21BE9FE6042214E16CFE3BE /* MyTapRecognizer.swift in Sources */,
				20C304C11BBAFD1000C3460E /* Document.swift in Sources */,
				C21912CB7F82E9F3CA1C03FF /* ConcreteLayout.swift in Sources */,
			);
			runOnlyForDeploymentPostprocessing = 0;
		};
/* End PBXSourcesBuildPhase section */

/* Begin PBXTargetDependency section */
		20317DE91BA2EEF2008A4303 /* PBXTargetDependency */ = {
			isa = PBXTargetDependency;
			target = 206ECC0E1B83D44300B62EA0 /* EtaBoard */;
			targetProxy = 20317DE81BA2EEF2008A4303 /* PBXContainerItemProxy */;
		};
		206ECC3F1B83D4C900B62EA0 /* PBXTargetDependency */ = {
			isa = PBXTargetDependency;
			target = 206ECC371B83D4C900B62EA0 /* EtaBoardExtension */;
			targetProxy = 206ECC3E1B83D4C900B62EA0 /* PBXContainerItemProxy */;
		};
/* End PBXTargetDependency section */

/* Begin PBXVariantGroup section */
		206ECC181B83D44300B62EA0 /* Main.storyboard */ = {
			isa = PBXVariantGroup;
			children = (
				206ECC191B83D44300B62EA0 /* Base */,
			);
			name = Main.storyboard;
			sourceTree = "<group>";
		};
		206ECC1D1B83D44300B62EA0 /* LaunchScreen.xib */ = {
			isa = PBXVariantGroup;
			children = (
				206ECC1E1B83D44300B62EA0 /* Base */,
			);
			name = LaunchScreen.xib;
			sourceTree = "<group>";
		};
/* End PBXVariantGroup section */

/* Begin XCBuildConfiguration section */
		20317DEA1BA2EEF2008A4303 /* Debug */ = {
			isa = XCBuildConfiguration;
			buildSettings = {
				FRAMEWORK_SEARCH_PATHS = "$(PROJECT_DIR)/Carthage/Build/iOS";
				GCC_PREPROCESSOR_DEFINITIONS = (
					"DEBUG=1",
					"$(inherited)",
				);
				INFOPLIST_FILE = Source/UnitTests/Info.plist;
				LD_RUNPATH_SEARCH_PATHS = "$(inherited) @executable_path/Frameworks @loader_path/Frameworks";
				PRODUCT_BUNDLE_IDENTIFIER = "de.bepple.alex.$(PRODUCT_NAME:rfc1034identifier)";
				PRODUCT_NAME = "$(TARGET_NAME)";
			};
			name = Debug;
		};
		20317DEB1BA2EEF2008A4303 /* Release */ = {
			isa = XCBuildConfiguration;
			buildSettings = {
				FRAMEWORK_SEARCH_PATHS = "$(PROJECT_DIR)/Carthage/Build/iOS";
				INFOPLIST_FILE = Source/UnitTests/Info.plist;
				LD_RUNPATH_SEARCH_PATHS = "$(inherited) @executable_path/Frameworks @loader_path/Frameworks";
				PRODUCT_BUNDLE_IDENTIFIER = "de.bepple.alex.$(PRODUCT_NAME:rfc1034identifier)";
				PRODUCT_NAME = "$(TARGET_NAME)";
			};
			name = Release;
		};
		206ECC2C1B83D44300B62EA0 /* Debug */ = {
			isa = XCBuildConfiguration;
			buildSettings = {
				ALWAYS_SEARCH_USER_PATHS = NO;
				CLANG_CXX_LANGUAGE_STANDARD = "gnu++0x";
				CLANG_CXX_LIBRARY = "libc++";
				CLANG_ENABLE_MODULES = YES;
				CLANG_ENABLE_OBJC_ARC = YES;
				CLANG_WARN_BOOL_CONVERSION = YES;
				CLANG_WARN_CONSTANT_CONVERSION = YES;
				CLANG_WARN_DIRECT_OBJC_ISA_USAGE = YES_ERROR;
				CLANG_WARN_EMPTY_BODY = YES;
				CLANG_WARN_ENUM_CONVERSION = YES;
				CLANG_WARN_INT_CONVERSION = YES;
				CLANG_WARN_OBJC_ROOT_CLASS = YES_ERROR;
				CLANG_WARN_UNREACHABLE_CODE = YES;
				CLANG_WARN__DUPLICATE_METHOD_MATCH = YES;
				"CODE_SIGN_IDENTITY[sdk=iphoneos*]" = "iPhone Developer";
				COPY_PHASE_STRIP = NO;
				DEBUG_INFORMATION_FORMAT = "dwarf-with-dsym";
				ENABLE_STRICT_OBJC_MSGSEND = YES;
				ENABLE_TESTABILITY = YES;
				GCC_C_LANGUAGE_STANDARD = gnu99;
				GCC_DYNAMIC_NO_PIC = NO;
				GCC_NO_COMMON_BLOCKS = YES;
				GCC_OPTIMIZATION_LEVEL = 0;
				GCC_PREPROCESSOR_DEFINITIONS = (
					"DEBUG=1",
					"$(inherited)",
				);
				GCC_SYMBOLS_PRIVATE_EXTERN = NO;
				GCC_WARN_64_TO_32_BIT_CONVERSION = YES;
				GCC_WARN_ABOUT_RETURN_TYPE = YES_ERROR;
				GCC_WARN_UNDECLARED_SELECTOR = YES;
				GCC_WARN_UNINITIALIZED_AUTOS = YES_AGGRESSIVE;
				GCC_WARN_UNUSED_FUNCTION = YES;
				GCC_WARN_UNUSED_VARIABLE = YES;
				IPHONEOS_DEPLOYMENT_TARGET = 8.4;
				MTL_ENABLE_DEBUG_INFO = YES;
				ONLY_ACTIVE_ARCH = YES;
				SDKROOT = iphoneos;
				SWIFT_OPTIMIZATION_LEVEL = "-Onone";
			};
			name = Debug;
		};
		206ECC2D1B83D44300B62EA0 /* Release */ = {
			isa = XCBuildConfiguration;
			buildSettings = {
				ALWAYS_SEARCH_USER_PATHS = NO;
				CLANG_CXX_LANGUAGE_STANDARD = "gnu++0x";
				CLANG_CXX_LIBRARY = "libc++";
				CLANG_ENABLE_MODULES = YES;
				CLANG_ENABLE_OBJC_ARC = YES;
				CLANG_WARN_BOOL_CONVERSION = YES;
				CLANG_WARN_CONSTANT_CONVERSION = YES;
				CLANG_WARN_DIRECT_OBJC_ISA_USAGE = YES_ERROR;
				CLANG_WARN_EMPTY_BODY = YES;
				CLANG_WARN_ENUM_CONVERSION = YES;
				CLANG_WARN_INT_CONVERSION = YES;
				CLANG_WARN_OBJC_ROOT_CLASS = YES_ERROR;
				CLANG_WARN_UNREACHABLE_CODE = YES;
				CLANG_WARN__DUPLICATE_METHOD_MATCH = YES;
				"CODE_SIGN_IDENTITY[sdk=iphoneos*]" = "iPhone Developer";
				COPY_PHASE_STRIP = NO;
				DEBUG_INFORMATION_FORMAT = "dwarf-with-dsym";
				ENABLE_NS_ASSERTIONS = NO;
				ENABLE_STRICT_OBJC_MSGSEND = YES;
				GCC_C_LANGUAGE_STANDARD = gnu99;
				GCC_NO_COMMON_BLOCKS = YES;
				GCC_WARN_64_TO_32_BIT_CONVERSION = YES;
				GCC_WARN_ABOUT_RETURN_TYPE = YES_ERROR;
				GCC_WARN_UNDECLARED_SELECTOR = YES;
				GCC_WARN_UNINITIALIZED_AUTOS = YES_AGGRESSIVE;
				GCC_WARN_UNUSED_FUNCTION = YES;
				GCC_WARN_UNUSED_VARIABLE = YES;
				IPHONEOS_DEPLOYMENT_TARGET = 8.4;
				MTL_ENABLE_DEBUG_INFO = NO;
				SDKROOT = iphoneos;
				VALIDATE_PRODUCT = YES;
			};
			name = Release;
		};
		206ECC2F1B83D44300B62EA0 /* Debug */ = {
			isa = XCBuildConfiguration;
			buildSettings = {
				ASSETCATALOG_COMPILER_APPICON_NAME = AppIcon;
				INFOPLIST_FILE = Source/ContainerApp/Info.plist;
				LD_RUNPATH_SEARCH_PATHS = "$(inherited) @executable_path/Frameworks";
				PRODUCT_BUNDLE_IDENTIFIER = de.bepple.alex.keyboard;
				PRODUCT_NAME = "$(TARGET_NAME)";
			};
			name = Debug;
		};
		206ECC301B83D44300B62EA0 /* Release */ = {
			isa = XCBuildConfiguration;
			buildSettings = {
				ASSETCATALOG_COMPILER_APPICON_NAME = AppIcon;
				INFOPLIST_FILE = Source/ContainerApp/Info.plist;
				LD_RUNPATH_SEARCH_PATHS = "$(inherited) @executable_path/Frameworks";
				PRODUCT_BUNDLE_IDENTIFIER = de.bepple.alex.keyboard;
				PRODUCT_NAME = "$(TARGET_NAME)";
			};
			name = Release;
		};
		206ECC421B83D4C900B62EA0 /* Debug */ = {
			isa = XCBuildConfiguration;
			buildSettings = {
				CLANG_ENABLE_MODULES = YES;
				GCC_PREPROCESSOR_DEFINITIONS = (
					"DEBUG=1",
					"$(inherited)",
				);
				INFOPLIST_FILE = Source/KeyboardExtension/helpers/Info.plist;
				LD_RUNPATH_SEARCH_PATHS = "$(inherited) @executable_path/Frameworks @executable_path/../../Frameworks";
				PRODUCT_BUNDLE_IDENTIFIER = de.bepple.alex.keyboard.extension;
				PRODUCT_NAME = "$(TARGET_NAME)";
				SKIP_INSTALL = YES;
				SWIFT_OBJC_BRIDGING_HEADER = "Source/KeyboardExtension/helpers/Bridging-Header.h";
				SWIFT_OPTIMIZATION_LEVEL = "-Onone";
			};
			name = Debug;
		};
		206ECC431B83D4C900B62EA0 /* Release */ = {
			isa = XCBuildConfiguration;
			buildSettings = {
				CLANG_ENABLE_MODULES = YES;
				INFOPLIST_FILE = Source/KeyboardExtension/helpers/Info.plist;
				LD_RUNPATH_SEARCH_PATHS = "$(inherited) @executable_path/Frameworks @executable_path/../../Frameworks";
				PRODUCT_BUNDLE_IDENTIFIER = de.bepple.alex.keyboard.extension;
				PRODUCT_NAME = "$(TARGET_NAME)";
				SKIP_INSTALL = YES;
				SWIFT_OBJC_BRIDGING_HEADER = "Source/KeyboardExtension/helpers/Bridging-Header.h";
			};
			name = Release;
		};
/* End XCBuildConfiguration section */

/* Begin XCConfigurationList section */
		20317DEC1BA2EEF2008A4303 /* Build configuration list for PBXNativeTarget "UnitTests" */ = {
			isa = XCConfigurationList;
			buildConfigurations = (
				20317DEA1BA2EEF2008A4303 /* Debug */,
				20317DEB1BA2EEF2008A4303 /* Release */,
			);
			defaultConfigurationIsVisible = 0;
			defaultConfigurationName = Release;
		};
		206ECC0A1B83D44300B62EA0 /* Build configuration list for PBXProject "EtaBoard" */ = {
			isa = XCConfigurationList;
			buildConfigurations = (
				206ECC2C1B83D44300B62EA0 /* Debug */,
				206ECC2D1B83D44300B62EA0 /* Release */,
			);
			defaultConfigurationIsVisible = 0;
			defaultConfigurationName = Release;
		};
		206ECC2E1B83D44300B62EA0 /* Build configuration list for PBXNativeTarget "EtaBoard" */ = {
			isa = XCConfigurationList;
			buildConfigurations = (
				206ECC2F1B83D44300B62EA0 /* Debug */,
				206ECC301B83D44300B62EA0 /* Release */,
			);
			defaultConfigurationIsVisible = 0;
			defaultConfigurationName = Release;
		};
		206ECC411B83D4C900B62EA0 /* Build configuration list for PBXNativeTarget "EtaBoardExtension" */ = {
			isa = XCConfigurationList;
			buildConfigurations = (
				206ECC421B83D4C900B62EA0 /* Debug */,
				206ECC431B83D4C900B62EA0 /* Release */,
			);
			defaultConfigurationIsVisible = 0;
			defaultConfigurationName = Release;
		};
/* End XCConfigurationList section */
	};
	rootObject = 206ECC071B83D44300B62EA0 /* Project object */;
}
