// !$*UTF8*$!
{
	archiveVersion = 1;
	classes = {
	};
	objectVersion = 46;
	objects = {

/* Begin PBXBuildFile section */
		20317D9B1BA09D3E008A4303 /* SuggestionBarView.swift in Sources */ = {isa = PBXBuildFile; fileRef = 20317D9A1BA09D3E008A4303 /* SuggestionBarView.swift */; };
		20317D9D1BA0A9B1008A4303 /* ViewExtensionsForLayoutConstraints.swift in Sources */ = {isa = PBXBuildFile; fileRef = 20317D9C1BA0A9B1008A4303 /* ViewExtensionsForLayoutConstraints.swift */; };
		20317D9F1BA0B677008A4303 /* Document.swift in Sources */ = {isa = PBXBuildFile; fileRef = 20317D9E1BA0B677008A4303 /* Document.swift */; };
		20317DE71BA2EEF2008A4303 /* SomeSpec.swift in Sources */ = {isa = PBXBuildFile; fileRef = 20317DE61BA2EEF2008A4303 /* SomeSpec.swift */; };
		206ECC151B83D44300B62EA0 /* AppDelegate.swift in Sources */ = {isa = PBXBuildFile; fileRef = 206ECC141B83D44300B62EA0 /* AppDelegate.swift */; };
		206ECC171B83D44300B62EA0 /* ViewController.swift in Sources */ = {isa = PBXBuildFile; fileRef = 206ECC161B83D44300B62EA0 /* ViewController.swift */; };
		206ECC1A1B83D44300B62EA0 /* Main.storyboard in Resources */ = {isa = PBXBuildFile; fileRef = 206ECC181B83D44300B62EA0 /* Main.storyboard */; };
		206ECC1C1B83D44300B62EA0 /* Images.xcassets in Resources */ = {isa = PBXBuildFile; fileRef = 206ECC1B1B83D44300B62EA0 /* Images.xcassets */; };
		206ECC1F1B83D44300B62EA0 /* LaunchScreen.xib in Resources */ = {isa = PBXBuildFile; fileRef = 206ECC1D1B83D44300B62EA0 /* LaunchScreen.xib */; };
		206ECC401B83D4C900B62EA0 /* Alex’s Keyboard extension.appex in Embed App Extensions */ = {isa = PBXBuildFile; fileRef = 206ECC381B83D4C900B62EA0 /* Alex’s Keyboard extension.appex */; settings = {ATTRIBUTES = (RemoveHeadersOnCopy, ); }; };
		20D5F64A1BA2F4C100956BE8 /* Nimble.framework in Frameworks */ = {isa = PBXBuildFile; fileRef = 20D5F6481BA2F4C100956BE8 /* Nimble.framework */; };
		20D5F64B1BA2F4C100956BE8 /* Quick.framework in Frameworks */ = {isa = PBXBuildFile; fileRef = 20D5F6491BA2F4C100956BE8 /* Quick.framework */; };
		20D5F64D1BA2F4D700956BE8 /* Quick.framework in CopyFiles */ = {isa = PBXBuildFile; fileRef = 20D5F6491BA2F4C100956BE8 /* Quick.framework */; settings = {ATTRIBUTES = (CodeSignOnCopy, RemoveHeadersOnCopy, ); }; };
		20D5F64E1BA2F4DA00956BE8 /* Nimble.framework in CopyFiles */ = {isa = PBXBuildFile; fileRef = 20D5F6481BA2F4C100956BE8 /* Nimble.framework */; settings = {ATTRIBUTES = (CodeSignOnCopy, RemoveHeadersOnCopy, ); }; };
		C211CB0B7AE6315B6481428E /* KeyboardViewController.swift in Sources */ = {isa = PBXBuildFile; fileRef = C21DF7BC99AC431E9EA856D8 /* KeyboardViewController.swift */; };
		C2138D2EB35AB7B000B3195D /* KeyboardView.swift in Sources */ = {isa = PBXBuildFile; fileRef = C21AC261406FBCF7ABB89D22 /* KeyboardView.swift */; };
		C214F72F655636D4EFF1A5EC /* KeyPressHandler.swift in Sources */ = {isa = PBXBuildFile; fileRef = C218C70011E8ACF9B9DFAEF1 /* KeyPressHandler.swift */; };
		C217DE1857A2A3DB936D4FBC /* KeyboardModel.swift in Sources */ = {isa = PBXBuildFile; fileRef = C2155C8BA414427799A129F4 /* KeyboardModel.swift */; };
		C21912CB7F82E9F3CA1C03FF /* ConcreteLayout.swift in Sources */ = {isa = PBXBuildFile; fileRef = C2132E72EC680EEB62955CD4 /* ConcreteLayout.swift */; };
		C21BE9FE6042214E16CFE3BE /* MyTapRecognizer.swift in Sources */ = {isa = PBXBuildFile; fileRef = C2109E4AA5A6B55793E1A243 /* MyTapRecognizer.swift */; };
		C21CC63D023DE56856F324EF /* SchematicLayout.swift in Sources */ = {isa = PBXBuildFile; fileRef = C21912EDF510A3371CD7F635 /* SchematicLayout.swift */; };
/* End PBXBuildFile section */

/* Begin PBXContainerItemProxy section */
		20317DE81BA2EEF2008A4303 /* PBXContainerItemProxy */ = {
			isa = PBXContainerItemProxy;
			containerPortal = 206ECC071B83D44300B62EA0 /* Project object */;
			proxyType = 1;
			remoteGlobalIDString = 206ECC0E1B83D44300B62EA0;
			remoteInfo = "Alex’s Keyboard";
		};
		206ECC3E1B83D4C900B62EA0 /* PBXContainerItemProxy */ = {
			isa = PBXContainerItemProxy;
			containerPortal = 206ECC071B83D44300B62EA0 /* Project object */;
			proxyType = 1;
			remoteGlobalIDString = 206ECC371B83D4C900B62EA0;
			remoteInfo = "Alex’s Keyboard extension";
		};
/* End PBXContainerItemProxy section */

/* Begin PBXCopyFilesBuildPhase section */
		206ECC441B83D4C900B62EA0 /* Embed App Extensions */ = {
			isa = PBXCopyFilesBuildPhase;
			buildActionMask = 2147483647;
			dstPath = "";
			dstSubfolderSpec = 13;
			files = (
				206ECC401B83D4C900B62EA0 /* Alex’s Keyboard extension.appex in Embed App Extensions */,
			);
			name = "Embed App Extensions";
			runOnlyForDeploymentPostprocessing = 0;
		};
		20D5F64C1BA2F4CA00956BE8 /* CopyFiles */ = {
			isa = PBXCopyFilesBuildPhase;
			buildActionMask = 2147483647;
			dstPath = "";
			dstSubfolderSpec = 10;
			files = (
				20D5F64D1BA2F4D700956BE8 /* Quick.framework in CopyFiles */,
				20D5F64E1BA2F4DA00956BE8 /* Nimble.framework in CopyFiles */,
			);
			runOnlyForDeploymentPostprocessing = 0;
		};
/* End PBXCopyFilesBuildPhase section */

/* Begin PBXFileReference section */
		20317D9A1BA09D3E008A4303 /* SuggestionBarView.swift */ = {isa = PBXFileReference; fileEncoding = 4; lastKnownFileType = sourcecode.swift; path = SuggestionBarView.swift; sourceTree = "<group>"; };
		20317D9C1BA0A9B1008A4303 /* ViewExtensionsForLayoutConstraints.swift */ = {isa = PBXFileReference; fileEncoding = 4; lastKnownFileType = sourcecode.swift; path = ViewExtensionsForLayoutConstraints.swift; sourceTree = "<group>"; };
		20317D9E1BA0B677008A4303 /* Document.swift */ = {isa = PBXFileReference; fileEncoding = 4; lastKnownFileType = sourcecode.swift; path = Document.swift; sourceTree = "<group>"; };
		20317DE21BA2EEF2008A4303 /* UnitTests.xctest */ = {isa = PBXFileReference; explicitFileType = wrapper.cfbundle; includeInIndex = 0; path = UnitTests.xctest; sourceTree = BUILT_PRODUCTS_DIR; };
		20317DE51BA2EEF2008A4303 /* Info.plist */ = {isa = PBXFileReference; lastKnownFileType = text.plist.xml; path = Info.plist; sourceTree = "<group>"; };
		20317DE61BA2EEF2008A4303 /* SomeSpec.swift */ = {isa = PBXFileReference; lastKnownFileType = sourcecode.swift; path = SomeSpec.swift; sourceTree = "<group>"; };
		206ECC0F1B83D44300B62EA0 /* Alex’s Keyboard.app */ = {isa = PBXFileReference; explicitFileType = wrapper.application; includeInIndex = 0; path = "Alex’s Keyboard.app"; sourceTree = BUILT_PRODUCTS_DIR; };
		206ECC131B83D44300B62EA0 /* Info.plist */ = {isa = PBXFileReference; lastKnownFileType = text.plist.xml; path = Info.plist; sourceTree = "<group>"; };
		206ECC141B83D44300B62EA0 /* AppDelegate.swift */ = {isa = PBXFileReference; lastKnownFileType = sourcecode.swift; path = AppDelegate.swift; sourceTree = "<group>"; };
		206ECC161B83D44300B62EA0 /* ViewController.swift */ = {isa = PBXFileReference; lastKnownFileType = sourcecode.swift; path = ViewController.swift; sourceTree = "<group>"; };
		206ECC191B83D44300B62EA0 /* Base */ = {isa = PBXFileReference; lastKnownFileType = file.storyboard; name = Base; path = Base.lproj/Main.storyboard; sourceTree = "<group>"; };
		206ECC1B1B83D44300B62EA0 /* Images.xcassets */ = {isa = PBXFileReference; lastKnownFileType = folder.assetcatalog; path = Images.xcassets; sourceTree = "<group>"; };
		206ECC1E1B83D44300B62EA0 /* Base */ = {isa = PBXFileReference; lastKnownFileType = file.xib; name = Base; path = Base.lproj/LaunchScreen.xib; sourceTree = "<group>"; };
		206ECC381B83D4C900B62EA0 /* Alex’s Keyboard extension.appex */ = {isa = PBXFileReference; explicitFileType = "wrapper.app-extension"; includeInIndex = 0; path = "Alex’s Keyboard extension.appex"; sourceTree = BUILT_PRODUCTS_DIR; };
		206ECC3B1B83D4C900B62EA0 /* Info.plist */ = {isa = PBXFileReference; lastKnownFileType = text.plist.xml; path = Info.plist; sourceTree = "<group>"; };
		20D5F6481BA2F4C100956BE8 /* Nimble.framework */ = {isa = PBXFileReference; lastKnownFileType = wrapper.framework; name = Nimble.framework; path = ../Carthage/Build/iOS/Nimble.framework; sourceTree = "<group>"; };
		20D5F6491BA2F4C100956BE8 /* Quick.framework */ = {isa = PBXFileReference; lastKnownFileType = wrapper.framework; name = Quick.framework; path = ../Carthage/Build/iOS/Quick.framework; sourceTree = "<group>"; };
		C2109E4AA5A6B55793E1A243 /* MyTapRecognizer.swift */ = {isa = PBXFileReference; fileEncoding = 4; lastKnownFileType = sourcecode.swift; path = MyTapRecognizer.swift; sourceTree = "<group>"; };
		C2132E72EC680EEB62955CD4 /* ConcreteLayout.swift */ = {isa = PBXFileReference; fileEncoding = 4; lastKnownFileType = sourcecode.swift; path = ConcreteLayout.swift; sourceTree = "<group>"; };
		C2155C8BA414427799A129F4 /* KeyboardModel.swift */ = {isa = PBXFileReference; fileEncoding = 4; lastKnownFileType = sourcecode.swift; path = KeyboardModel.swift; sourceTree = "<group>"; };
		C21642694BABA9BBCF0D1925 /* Bridging-Header.h */ = {isa = PBXFileReference; fileEncoding = 4; lastKnownFileType = sourcecode.c.h; name = "Bridging-Header.h"; path = "extension/helpers/Bridging-Header.h"; sourceTree = SOURCE_ROOT; };
		C218C70011E8ACF9B9DFAEF1 /* KeyPressHandler.swift */ = {isa = PBXFileReference; fileEncoding = 4; lastKnownFileType = sourcecode.swift; path = KeyPressHandler.swift; sourceTree = "<group>"; };
		C21912EDF510A3371CD7F635 /* SchematicLayout.swift */ = {isa = PBXFileReference; fileEncoding = 4; lastKnownFileType = sourcecode.swift; path = SchematicLayout.swift; sourceTree = "<group>"; };
		C21AC261406FBCF7ABB89D22 /* KeyboardView.swift */ = {isa = PBXFileReference; fileEncoding = 4; lastKnownFileType = sourcecode.swift; path = KeyboardView.swift; sourceTree = "<group>"; };
		C21DF7BC99AC431E9EA856D8 /* KeyboardViewController.swift */ = {isa = PBXFileReference; fileEncoding = 4; lastKnownFileType = sourcecode.swift; path = KeyboardViewController.swift; sourceTree = "<group>"; };
/* End PBXFileReference section */

/* Begin PBXFrameworksBuildPhase section */
		20317DDF1BA2EEF2008A4303 /* Frameworks */ = {
			isa = PBXFrameworksBuildPhase;
			buildActionMask = 2147483647;
			files = (
				20D5F64B1BA2F4C100956BE8 /* Quick.framework in Frameworks */,
				20D5F64A1BA2F4C100956BE8 /* Nimble.framework in Frameworks */,
			);
			runOnlyForDeploymentPostprocessing = 0;
		};
		206ECC0C1B83D44300B62EA0 /* Frameworks */ = {
			isa = PBXFrameworksBuildPhase;
			buildActionMask = 2147483647;
			files = (
			);
			runOnlyForDeploymentPostprocessing = 0;
		};
		206ECC351B83D4C900B62EA0 /* Frameworks */ = {
			isa = PBXFrameworksBuildPhase;
			buildActionMask = 2147483647;
			files = (
			);
			runOnlyForDeploymentPostprocessing = 0;
		};
/* End PBXFrameworksBuildPhase section */

/* Begin PBXGroup section */
		20317DE31BA2EEF2008A4303 /* UnitTests */ = {
			isa = PBXGroup;
			children = (
				20317DE61BA2EEF2008A4303 /* SomeSpec.swift */,
				20317DE41BA2EEF2008A4303 /* Supporting Files */,
				20D5F6491BA2F4C100956BE8 /* Quick.framework */,
				20D5F6481BA2F4C100956BE8 /* Nimble.framework */,
			);
			path = UnitTests;
			sourceTree = "<group>";
		};
		20317DE41BA2EEF2008A4303 /* Supporting Files */ = {
			isa = PBXGroup;
			children = (
				20317DE51BA2EEF2008A4303 /* Info.plist */,
			);
			name = "Supporting Files";
			sourceTree = "<group>";
		};
		206ECC061B83D44300B62EA0 = {
			isa = PBXGroup;
			children = (
				206ECC111B83D44300B62EA0 /* container app */,
				C2161F83BEA9648952561B04 /* extension */,
				20317DE31BA2EEF2008A4303 /* UnitTests */,
				206ECC101B83D44300B62EA0 /* Products */,
			);
			sourceTree = "<group>";
		};
		206ECC101B83D44300B62EA0 /* Products */ = {
			isa = PBXGroup;
			children = (
				206ECC0F1B83D44300B62EA0 /* Alex’s Keyboard.app */,
				206ECC381B83D4C900B62EA0 /* Alex’s Keyboard extension.appex */,
				20317DE21BA2EEF2008A4303 /* UnitTests.xctest */,
			);
			name = Products;
			sourceTree = "<group>";
		};
		206ECC111B83D44300B62EA0 /* container app */ = {
			isa = PBXGroup;
			children = (
				206ECC141B83D44300B62EA0 /* AppDelegate.swift */,
				206ECC161B83D44300B62EA0 /* ViewController.swift */,
				206ECC181B83D44300B62EA0 /* Main.storyboard */,
				206ECC1B1B83D44300B62EA0 /* Images.xcassets */,
				206ECC1D1B83D44300B62EA0 /* LaunchScreen.xib */,
				206ECC121B83D44300B62EA0 /* Supporting Files */,
			);
			name = "container app";
			path = "Alex’s Keyboard";
			sourceTree = "<group>";
		};
		206ECC121B83D44300B62EA0 /* Supporting Files */ = {
			isa = PBXGroup;
			children = (
				206ECC131B83D44300B62EA0 /* Info.plist */,
			);
			name = "Supporting Files";
			sourceTree = "<group>";
		};
		C21251DCC6DA70051228390D /* model */ = {
			isa = PBXGroup;
			children = (
				C21912EDF510A3371CD7F635 /* SchematicLayout.swift */,
				C2155C8BA414427799A129F4 /* KeyboardModel.swift */,
				C2132E72EC680EEB62955CD4 /* ConcreteLayout.swift */,
			);
			path = model;
			sourceTree = "<group>";
		};
		C2161F83BEA9648952561B04 /* extension */ = {
			isa = PBXGroup;
			children = (
				C21CAAA051B10D718C442C60 /* helpers */,
				C219BF81BC82D6D2B7B0E6DF /* keyboard */,
				C21741DE8AD26B91F90FC940 /* suggestionbar */,
				C21DF7BC99AC431E9EA856D8 /* KeyboardViewController.swift */,
				20317D9E1BA0B677008A4303 /* Document.swift */,
			);
			path = extension;
			sourceTree = "<group>";
		};
		C21741DE8AD26B91F90FC940 /* suggestionbar */ = {
			isa = PBXGroup;
			children = (
				20317D9A1BA09D3E008A4303 /* SuggestionBarView.swift */,
			);
			path = suggestionbar;
			sourceTree = "<group>";
		};
		C219BF81BC82D6D2B7B0E6DF /* keyboard */ = {
			isa = PBXGroup;
			children = (
				C21251DCC6DA70051228390D /* model */,
				C21AC261406FBCF7ABB89D22 /* KeyboardView.swift */,
				C218C70011E8ACF9B9DFAEF1 /* KeyPressHandler.swift */,
				C2109E4AA5A6B55793E1A243 /* MyTapRecognizer.swift */,
			);
			path = keyboard;
			sourceTree = "<group>";
		};
		C21CAAA051B10D718C442C60 /* helpers */ = {
			isa = PBXGroup;
			children = (
				C21642694BABA9BBCF0D1925 /* Bridging-Header.h */,
				206ECC3B1B83D4C900B62EA0 /* Info.plist */,
				20317D9C1BA0A9B1008A4303 /* ViewExtensionsForLayoutConstraints.swift */,
			);
			path = helpers;
			sourceTree = "<group>";
		};
/* End PBXGroup section */

/* Begin PBXNativeTarget section */
		20317DE11BA2EEF2008A4303 /* UnitTests */ = {
			isa = PBXNativeTarget;
			buildConfigurationList = 20317DEC1BA2EEF2008A4303 /* Build configuration list for PBXNativeTarget "UnitTests" */;
			buildPhases = (
				20317DDE1BA2EEF2008A4303 /* Sources */,
				20317DDF1BA2EEF2008A4303 /* Frameworks */,
				20317DE01BA2EEF2008A4303 /* Resources */,
				20D5F64C1BA2F4CA00956BE8 /* CopyFiles */,
			);
			buildRules = (
			);
			dependencies = (
				20317DE91BA2EEF2008A4303 /* PBXTargetDependency */,
			);
			name = UnitTests;
			productName = UnitTests;
			productReference = 20317DE21BA2EEF2008A4303 /* UnitTests.xctest */;
			productType = "com.apple.product-type.bundle.unit-test";
		};
		206ECC0E1B83D44300B62EA0 /* Alex’s Keyboard */ = {
			isa = PBXNativeTarget;
			buildConfigurationList = 206ECC2E1B83D44300B62EA0 /* Build configuration list for PBXNativeTarget "Alex’s Keyboard" */;
			buildPhases = (
				206ECC0B1B83D44300B62EA0 /* Sources */,
				206ECC0C1B83D44300B62EA0 /* Frameworks */,
				206ECC0D1B83D44300B62EA0 /* Resources */,
				206ECC441B83D4C900B62EA0 /* Embed App Extensions */,
			);
			buildRules = (
			);
			dependencies = (
				206ECC3F1B83D4C900B62EA0 /* PBXTargetDependency */,
			);
			name = "Alex’s Keyboard";
			productName = "Alex’s Keyboard";
			productReference = 206ECC0F1B83D44300B62EA0 /* Alex’s Keyboard.app */;
			productType = "com.apple.product-type.application";
		};
		206ECC371B83D4C900B62EA0 /* Alex’s Keyboard extension */ = {
			isa = PBXNativeTarget;
			buildConfigurationList = 206ECC411B83D4C900B62EA0 /* Build configuration list for PBXNativeTarget "Alex’s Keyboard extension" */;
			buildPhases = (
				206ECC341B83D4C900B62EA0 /* Sources */,
				206ECC351B83D4C900B62EA0 /* Frameworks */,
				206ECC361B83D4C900B62EA0 /* Resources */,
			);
			buildRules = (
			);
			dependencies = (
			);
			name = "Alex’s Keyboard extension";
			productName = "Alex’s Keyboard extension";
			productReference = 206ECC381B83D4C900B62EA0 /* Alex’s Keyboard extension.appex */;
			productType = "com.apple.product-type.app-extension";
		};
/* End PBXNativeTarget section */

/* Begin PBXProject section */
		206ECC071B83D44300B62EA0 /* Project object */ = {
			isa = PBXProject;
			attributes = {
				LastUpgradeCheck = 0640;
				ORGANIZATIONNAME = "Alex Bepple";
				TargetAttributes = {
					20317DE11BA2EEF2008A4303 = {
						CreatedOnToolsVersion = 6.4;
						TestTargetID = 206ECC0E1B83D44300B62EA0;
					};
					206ECC0E1B83D44300B62EA0 = {
						CreatedOnToolsVersion = 6.4;
					};
					206ECC371B83D4C900B62EA0 = {
						CreatedOnToolsVersion = 6.4;
					};
				};
			};
			buildConfigurationList = 206ECC0A1B83D44300B62EA0 /* Build configuration list for PBXProject "Alex's Keyboard" */;
			compatibilityVersion = "Xcode 3.2";
			developmentRegion = English;
			hasScannedForEncodings = 0;
			knownRegions = (
				en,
				Base,
			);
			mainGroup = 206ECC061B83D44300B62EA0;
			productRefGroup = 206ECC101B83D44300B62EA0 /* Products */;
			projectDirPath = "";
			projectRoot = "";
			targets = (
				206ECC0E1B83D44300B62EA0 /* Alex’s Keyboard */,
				206ECC371B83D4C900B62EA0 /* Alex’s Keyboard extension */,
				20317DE11BA2EEF2008A4303 /* UnitTests */,
			);
		};
/* End PBXProject section */

/* Begin PBXResourcesBuildPhase section */
		20317DE01BA2EEF2008A4303 /* Resources */ = {
			isa = PBXResourcesBuildPhase;
			buildActionMask = 2147483647;
			files = (
			);
			runOnlyForDeploymentPostprocessing = 0;
		};
		206ECC0D1B83D44300B62EA0 /* Resources */ = {
			isa = PBXResourcesBuildPhase;
			buildActionMask = 2147483647;
			files = (
				206ECC1A1B83D44300B62EA0 /* Main.storyboard in Resources */,
				206ECC1F1B83D44300B62EA0 /* LaunchScreen.xib in Resources */,
				206ECC1C1B83D44300B62EA0 /* Images.xcassets in Resources */,
			);
			runOnlyForDeploymentPostprocessing = 0;
		};
		206ECC361B83D4C900B62EA0 /* Resources */ = {
			isa = PBXResourcesBuildPhase;
			buildActionMask = 2147483647;
			files = (
			);
			runOnlyForDeploymentPostprocessing = 0;
		};
/* End PBXResourcesBuildPhase section */

/* Begin PBXSourcesBuildPhase section */
		20317DDE1BA2EEF2008A4303 /* Sources */ = {
			isa = PBXSourcesBuildPhase;
			buildActionMask = 2147483647;
			files = (
				20317DE71BA2EEF2008A4303 /* SomeSpec.swift in Sources */,
			);
			runOnlyForDeploymentPostprocessing = 0;
		};
		206ECC0B1B83D44300B62EA0 /* Sources */ = {
			isa = PBXSourcesBuildPhase;
			buildActionMask = 2147483647;
			files = (
				206ECC171B83D44300B62EA0 /* ViewController.swift in Sources */,
				206ECC151B83D44300B62EA0 /* AppDelegate.swift in Sources */,
			);
			runOnlyForDeploymentPostprocessing = 0;
		};
		206ECC341B83D4C900B62EA0 /* Sources */ = {
			isa = PBXSourcesBuildPhase;
			buildActionMask = 2147483647;
			files = (
				20317D9D1BA0A9B1008A4303 /* ViewExtensionsForLayoutConstraints.swift in Sources */,
				C21CC63D023DE56856F324EF /* SchematicLayout.swift in Sources */,
				C217DE1857A2A3DB936D4FBC /* KeyboardModel.swift in Sources */,
				20317D9B1BA09D3E008A4303 /* SuggestionBarView.swift in Sources */,
				20317D9F1BA0B677008A4303 /* Document.swift in Sources */,
				C2138D2EB35AB7B000B3195D /* KeyboardView.swift in Sources */,
				C214F72F655636D4EFF1A5EC /* KeyPressHandler.swift in Sources */,
				C211CB0B7AE6315B6481428E /* KeyboardViewController.swift in Sources */,
				C21BE9FE6042214E16CFE3BE /* MyTapRecognizer.swift in Sources */,
				C21912CB7F82E9F3CA1C03FF /* ConcreteLayout.swift in Sources */,
			);
			runOnlyForDeploymentPostprocessing = 0;
		};
/* End PBXSourcesBuildPhase section */

/* Begin PBXTargetDependency section */
		20317DE91BA2EEF2008A4303 /* PBXTargetDependency */ = {
			isa = PBXTargetDependency;
			target = 206ECC0E1B83D44300B62EA0 /* Alex’s Keyboard */;
			targetProxy = 20317DE81BA2EEF2008A4303 /* PBXContainerItemProxy */;
		};
		206ECC3F1B83D4C900B62EA0 /* PBXTargetDependency */ = {
			isa = PBXTargetDependency;
			target = 206ECC371B83D4C900B62EA0 /* Alex’s Keyboard extension */;
			targetProxy = 206ECC3E1B83D4C900B62EA0 /* PBXContainerItemProxy */;
		};
/* End PBXTargetDependency section */

/* Begin PBXVariantGroup section */
		206ECC181B83D44300B62EA0 /* Main.storyboard */ = {
			isa = PBXVariantGroup;
			children = (
				206ECC191B83D44300B62EA0 /* Base */,
			);
			name = Main.storyboard;
			sourceTree = "<group>";
		};
		206ECC1D1B83D44300B62EA0 /* LaunchScreen.xib */ = {
			isa = PBXVariantGroup;
			children = (
				206ECC1E1B83D44300B62EA0 /* Base */,
			);
			name = LaunchScreen.xib;
			sourceTree = "<group>";
		};
/* End PBXVariantGroup section */

/* Begin XCBuildConfiguration section */
		20317DEA1BA2EEF2008A4303 /* Debug */ = {
			isa = XCBuildConfiguration;
			buildSettings = {
				BUNDLE_LOADER = "$(TEST_HOST)";
				FRAMEWORK_SEARCH_PATHS = (
					"$(SDKROOT)/Developer/Library/Frameworks",
					"$(inherited)",
					"$(PROJECT_DIR)/Carthage/Build/iOS",
				);
				GCC_PREPROCESSOR_DEFINITIONS = (
					"DEBUG=1",
					"$(inherited)",
				);
				INFOPLIST_FILE = UnitTests/Info.plist;
				LD_RUNPATH_SEARCH_PATHS = "$(inherited) @executable_path/Frameworks @loader_path/Frameworks";
				PRODUCT_NAME = "$(TARGET_NAME)";
				TEST_HOST = "$(BUILT_PRODUCTS_DIR)/Alex’s Keyboard.app/Alex’s Keyboard";
			};
			name = Debug;
		};
		20317DEB1BA2EEF2008A4303 /* Release */ = {
			isa = XCBuildConfiguration;
			buildSettings = {
				BUNDLE_LOADER = "$(TEST_HOST)";
				FRAMEWORK_SEARCH_PATHS = (
					"$(SDKROOT)/Developer/Library/Frameworks",
					"$(inherited)",
					"$(PROJECT_DIR)/Carthage/Build/iOS",
				);
				INFOPLIST_FILE = UnitTests/Info.plist;
				LD_RUNPATH_SEARCH_PATHS = "$(inherited) @executable_path/Frameworks @loader_path/Frameworks";
				PRODUCT_NAME = "$(TARGET_NAME)";
				TEST_HOST = "$(BUILT_PRODUCTS_DIR)/Alex’s Keyboard.app/Alex’s Keyboard";
			};
			name = Release;
		};
		206ECC2C1B83D44300B62EA0 /* Debug */ = {
			isa = XCBuildConfiguration;
			buildSettings = {
				ALWAYS_SEARCH_USER_PATHS = NO;
				CLANG_CXX_LANGUAGE_STANDARD = "gnu++0x";
				CLANG_CXX_LIBRARY = "libc++";
				CLANG_ENABLE_MODULES = YES;
				CLANG_ENABLE_OBJC_ARC = YES;
				CLANG_WARN_BOOL_CONVERSION = YES;
				CLANG_WARN_CONSTANT_CONVERSION = YES;
				CLANG_WARN_DIRECT_OBJC_ISA_USAGE = YES_ERROR;
				CLANG_WARN_EMPTY_BODY = YES;
				CLANG_WARN_ENUM_CONVERSION = YES;
				CLANG_WARN_INT_CONVERSION = YES;
				CLANG_WARN_OBJC_ROOT_CLASS = YES_ERROR;
				CLANG_WARN_UNREACHABLE_CODE = YES;
				CLANG_WARN__DUPLICATE_METHOD_MATCH = YES;
				"CODE_SIGN_IDENTITY[sdk=iphoneos*]" = "iPhone Developer";
				COPY_PHASE_STRIP = NO;
				DEBUG_INFORMATION_FORMAT = "dwarf-with-dsym";
				ENABLE_STRICT_OBJC_MSGSEND = YES;
				GCC_C_LANGUAGE_STANDARD = gnu99;
				GCC_DYNAMIC_NO_PIC = NO;
				GCC_NO_COMMON_BLOCKS = YES;
				GCC_OPTIMIZATION_LEVEL = 0;
				GCC_PREPROCESSOR_DEFINITIONS = (
					"DEBUG=1",
					"$(inherited)",
				);
				GCC_SYMBOLS_PRIVATE_EXTERN = NO;
				GCC_WARN_64_TO_32_BIT_CONVERSION = YES;
				GCC_WARN_ABOUT_RETURN_TYPE = YES_ERROR;
				GCC_WARN_UNDECLARED_SELECTOR = YES;
				GCC_WARN_UNINITIALIZED_AUTOS = YES_AGGRESSIVE;
				GCC_WARN_UNUSED_FUNCTION = YES;
				GCC_WARN_UNUSED_VARIABLE = YES;
				IPHONEOS_DEPLOYMENT_TARGET = 8.4;
				MTL_ENABLE_DEBUG_INFO = YES;
				ONLY_ACTIVE_ARCH = YES;
				SDKROOT = iphoneos;
				SWIFT_OPTIMIZATION_LEVEL = "-Onone";
			};
			name = Debug;
		};
		206ECC2D1B83D44300B62EA0 /* Release */ = {
			isa = XCBuildConfiguration;
			buildSettings = {
				ALWAYS_SEARCH_USER_PATHS = NO;
				CLANG_CXX_LANGUAGE_STANDARD = "gnu++0x";
				CLANG_CXX_LIBRARY = "libc++";
				CLANG_ENABLE_MODULES = YES;
				CLANG_ENABLE_OBJC_ARC = YES;
				CLANG_WARN_BOOL_CONVERSION = YES;
				CLANG_WARN_CONSTANT_CONVERSION = YES;
				CLANG_WARN_DIRECT_OBJC_ISA_USAGE = YES_ERROR;
				CLANG_WARN_EMPTY_BODY = YES;
				CLANG_WARN_ENUM_CONVERSION = YES;
				CLANG_WARN_INT_CONVERSION = YES;
				CLANG_WARN_OBJC_ROOT_CLASS = YES_ERROR;
				CLANG_WARN_UNREACHABLE_CODE = YES;
				CLANG_WARN__DUPLICATE_METHOD_MATCH = YES;
				"CODE_SIGN_IDENTITY[sdk=iphoneos*]" = "iPhone Developer";
				COPY_PHASE_STRIP = NO;
				DEBUG_INFORMATION_FORMAT = "dwarf-with-dsym";
				ENABLE_NS_ASSERTIONS = NO;
				ENABLE_STRICT_OBJC_MSGSEND = YES;
				GCC_C_LANGUAGE_STANDARD = gnu99;
				GCC_NO_COMMON_BLOCKS = YES;
				GCC_WARN_64_TO_32_BIT_CONVERSION = YES;
				GCC_WARN_ABOUT_RETURN_TYPE = YES_ERROR;
				GCC_WARN_UNDECLARED_SELECTOR = YES;
				GCC_WARN_UNINITIALIZED_AUTOS = YES_AGGRESSIVE;
				GCC_WARN_UNUSED_FUNCTION = YES;
				GCC_WARN_UNUSED_VARIABLE = YES;
				IPHONEOS_DEPLOYMENT_TARGET = 8.4;
				MTL_ENABLE_DEBUG_INFO = NO;
				SDKROOT = iphoneos;
				VALIDATE_PRODUCT = YES;
			};
			name = Release;
		};
		206ECC2F1B83D44300B62EA0 /* Debug */ = {
			isa = XCBuildConfiguration;
			buildSettings = {
				ASSETCATALOG_COMPILER_APPICON_NAME = AppIcon;
				INFOPLIST_FILE = "Alex’s Keyboard/Info.plist";
				LD_RUNPATH_SEARCH_PATHS = "$(inherited) @executable_path/Frameworks";
				PRODUCT_NAME = "$(TARGET_NAME)";
			};
			name = Debug;
		};
		206ECC301B83D44300B62EA0 /* Release */ = {
			isa = XCBuildConfiguration;
			buildSettings = {
				ASSETCATALOG_COMPILER_APPICON_NAME = AppIcon;
				INFOPLIST_FILE = "Alex’s Keyboard/Info.plist";
				LD_RUNPATH_SEARCH_PATHS = "$(inherited) @executable_path/Frameworks";
				PRODUCT_NAME = "$(TARGET_NAME)";
			};
			name = Release;
		};
		206ECC421B83D4C900B62EA0 /* Debug */ = {
			isa = XCBuildConfiguration;
			buildSettings = {
				CLANG_ENABLE_MODULES = YES;
				GCC_PREPROCESSOR_DEFINITIONS = (
					"DEBUG=1",
					"$(inherited)",
				);
				INFOPLIST_FILE = extension/helpers/Info.plist;
				LD_RUNPATH_SEARCH_PATHS = "$(inherited) @executable_path/Frameworks @executable_path/../../Frameworks";
				PRODUCT_NAME = "$(TARGET_NAME)";
				SKIP_INSTALL = YES;
				SWIFT_OBJC_BRIDGING_HEADER = "extension/helpers/Bridging-Header.h";
				SWIFT_OPTIMIZATION_LEVEL = "-Onone";
			};
			name = Debug;
		};
		206ECC431B83D4C900B62EA0 /* Release */ = {
			isa = XCBuildConfiguration;
			buildSettings = {
				CLANG_ENABLE_MODULES = YES;
				INFOPLIST_FILE = extension/helpers/Info.plist;
				LD_RUNPATH_SEARCH_PATHS = "$(inherited) @executable_path/Frameworks @executable_path/../../Frameworks";
				PRODUCT_NAME = "$(TARGET_NAME)";
				SKIP_INSTALL = YES;
				SWIFT_OBJC_BRIDGING_HEADER = "extension/helpers/Bridging-Header.h";
			};
			name = Release;
		};
/* End XCBuildConfiguration section */

/* Begin XCConfigurationList section */
		20317DEC1BA2EEF2008A4303 /* Build configuration list for PBXNativeTarget "UnitTests" */ = {
			isa = XCConfigurationList;
			buildConfigurations = (
				20317DEA1BA2EEF2008A4303 /* Debug */,
				20317DEB1BA2EEF2008A4303 /* Release */,
			);
			defaultConfigurationIsVisible = 0;
			defaultConfigurationName = Release;
		};
		206ECC0A1B83D44300B62EA0 /* Build configuration list for PBXProject "Alex's Keyboard" */ = {
			isa = XCConfigurationList;
			buildConfigurations = (
				206ECC2C1B83D44300B62EA0 /* Debug */,
				206ECC2D1B83D44300B62EA0 /* Release */,
			);
			defaultConfigurationIsVisible = 0;
			defaultConfigurationName = Release;
		};
		206ECC2E1B83D44300B62EA0 /* Build configuration list for PBXNativeTarget "Alex’s Keyboard" */ = {
			isa = XCConfigurationList;
			buildConfigurations = (
				206ECC2F1B83D44300B62EA0 /* Debug */,
				206ECC301B83D44300B62EA0 /* Release */,
			);
			defaultConfigurationIsVisible = 0;
			defaultConfigurationName = Release;
		};
		206ECC411B83D4C900B62EA0 /* Build configuration list for PBXNativeTarget "Alex’s Keyboard extension" */ = {
			isa = XCConfigurationList;
			buildConfigurations = (
				206ECC421B83D4C900B62EA0 /* Debug */,
				206ECC431B83D4C900B62EA0 /* Release */,
			);
			defaultConfigurationIsVisible = 0;
			defaultConfigurationName = Release;
		};
/* End XCConfigurationList section */
	};
	rootObject = 206ECC071B83D44300B62EA0 /* Project object */;
}
